
Microsoft Visual Studio Solution File, Format Version 12.00
# Visual Studio Version 17
VisualStudioVersion = 17.3.32825.248
MinimumVisualStudioVersion = 10.0.40219.1
Project("{FAE04EC0-301F-11D3-BF4B-00C04F79EFBC}") = "G16_20220915", "G16_20220915\G16_20220915.csproj", "{65536A7C-F66A-4394-B5E0-8F6DB12CEE02}"
EndProject
Global
	GlobalSection(SolutionConfigurationPlatforms) = preSolution
		Debug|Any CPU = Debug|Any CPU
		Release|Any CPU = Release|Any CPU
	EndGlobalSection
	GlobalSection(ProjectConfigurationPlatforms) = postSolution
		{65536A7C-F66A-4394-B5E0-8F6DB12CEE02}.Debug|Any CPU.ActiveCfg = Debug|Any CPU
		{65536A7C-F66A-4394-B5E0-8F6DB12CEE02}.Debug|Any CPU.Build.0 = Debug|Any CPU
		{65536A7C-F66A-4394-B5E0-8F6DB12CEE02}.Release|Any CPU.ActiveCfg = Release|Any CPU
		{65536A7C-F66A-4394-B5E0-8F6DB12CEE02}.Release|Any CPU.Build.0 = Release|Any CPU
	EndGlobalSection
	GlobalSection(SolutionProperties) = preSolution
		HideSolutionNode = FALSE
	EndGlobalSection
	GlobalSection(ExtensibilityGlobals) = postSolution
		SolutionGuid = {656AA404-2B6A-496D-A40C-B85FDB623359}
	EndGlobalSection
EndGlobal
